
Microsoft Visual Studio Solution File, Format Version 12.00
# Visual Studio Version 17
VisualStudioVersion = 17.11.35303.130
MinimumVisualStudioVersion = 10.0.40219.1
Project("{FAE04EC0-301F-11D3-BF4B-00C04F79EFBC}") = "NhsLesson07", "NhsLesson07.csproj", "{DA9FE5D8-AD26-4808-9B1F-B0814CCC67B6}"
EndProject
Global
	GlobalSection(SolutionConfigurationPlatforms) = preSolution
		Debug|Any CPU = Debug|Any CPU
		Release|Any CPU = Release|Any CPU
	EndGlobalSection
	GlobalSection(ProjectConfigurationPlatforms) = postSolution
		{DA9FE5D8-AD26-4808-9B1F-B0814CCC67B6}.Debug|Any CPU.ActiveCfg = Debug|Any CPU
		{DA9FE5D8-AD26-4808-9B1F-B0814CCC67B6}.Debug|Any CPU.Build.0 = Debug|Any CPU
		{DA9FE5D8-AD26-4808-9B1F-B0814CCC67B6}.Release|Any CPU.ActiveCfg = Release|Any CPU
		{DA9FE5D8-AD26-4808-9B1F-B0814CCC67B6}.Release|Any CPU.Build.0 = Release|Any CPU
	EndGlobalSection
	GlobalSection(SolutionProperties) = preSolution
		HideSolutionNode = FALSE
	EndGlobalSection
	GlobalSection(ExtensibilityGlobals) = postSolution
		SolutionGuid = {B5D47F5D-18F3-4969-8857-EE172C497D46}
	EndGlobalSection
EndGlobal
