
Microsoft Visual Studio Solution File, Format Version 12.00
# Visual Studio Version 17
VisualStudioVersion = 17.14.36203.30
MinimumVisualStudioVersion = 10.0.40219.1
Project("{FAE04EC0-301F-11D3-BF4B-00C04F79EFBC}") = "NhsLesson09EF", "NhsLesson09EF\NhsLesson09EF.csproj", "{12A04DE2-7139-45BE-9387-3F68BDB55A00}"
EndProject
Global
	GlobalSection(SolutionConfigurationPlatforms) = preSolution
		Debug|Any CPU = Debug|Any CPU
		Release|Any CPU = Release|Any CPU
	EndGlobalSection
	GlobalSection(ProjectConfigurationPlatforms) = postSolution
		{12A04DE2-7139-45BE-9387-3F68BDB55A00}.Debug|Any CPU.ActiveCfg = Debug|Any CPU
		{12A04DE2-7139-45BE-9387-3F68BDB55A00}.Debug|Any CPU.Build.0 = Debug|Any CPU
		{12A04DE2-7139-45BE-9387-3F68BDB55A00}.Release|Any CPU.ActiveCfg = Release|Any CPU
		{12A04DE2-7139-45BE-9387-3F68BDB55A00}.Release|Any CPU.Build.0 = Release|Any CPU
	EndGlobalSection
	GlobalSection(SolutionProperties) = preSolution
		HideSolutionNode = FALSE
	EndGlobalSection
	GlobalSection(ExtensibilityGlobals) = postSolution
		SolutionGuid = {9535AF58-FC11-428C-A88E-4567128B88FE}
	EndGlobalSection
EndGlobal
